
Microsoft Visual Studio Solution File, Format Version 12.00
# Visual Studio Version 17
VisualStudioVersion = 17.7.34024.191
MinimumVisualStudioVersion = 10.0.40219.1
Project("{888888A0-9F3D-457C-B088-3A5042F75D52}") = "china_media_analysis", "china_media_analysis.pyproj", "{5FF92E86-EA61-4FA3-9136-92167441B39F}"
EndProject
Global
	GlobalSection(SolutionConfigurationPlatforms) = preSolution
		Debug|Any CPU = Debug|Any CPU
		Release|Any CPU = Release|Any CPU
	EndGlobalSection
	GlobalSection(ProjectConfigurationPlatforms) = postSolution
		{5FF92E86-EA61-4FA3-9136-92167441B39F}.Debug|Any CPU.ActiveCfg = Debug|Any CPU
		{5FF92E86-EA61-4FA3-9136-92167441B39F}.Release|Any CPU.ActiveCfg = Release|Any CPU
	EndGlobalSection
	GlobalSection(SolutionProperties) = preSolution
		HideSolutionNode = FALSE
	EndGlobalSection
	GlobalSection(ExtensibilityGlobals) = postSolution
		SolutionGuid = {427EBB23-49B1-4818-909E-AB0E946751B7}
	EndGlobalSection
EndGlobal
